
Microsoft Visual Studio Solution File, Format Version 12.00
# Visual Studio Version 17
VisualStudioVersion = 17.6.33829.357
MinimumVisualStudioVersion = 10.0.40219.1
Project("{FAE04EC0-301F-11D3-BF4B-00C04F79EFBC}") = "MyWebAPI", "MyWebAPI.csproj", "{824FEA19-4549-455D-B969-6322E7F49947}"
EndProject
Global
	GlobalSection(SolutionConfigurationPlatforms) = preSolution
		Debug|Any CPU = Debug|Any CPU
		Release|Any CPU = Release|Any CPU
	EndGlobalSection
	GlobalSection(ProjectConfigurationPlatforms) = postSolution
		{824FEA19-4549-455D-B969-6322E7F49947}.Debug|Any CPU.ActiveCfg = Debug|Any CPU
		{824FEA19-4549-455D-B969-6322E7F49947}.Debug|Any CPU.Build.0 = Debug|Any CPU
		{824FEA19-4549-455D-B969-6322E7F49947}.Release|Any CPU.ActiveCfg = Release|Any CPU
		{824FEA19-4549-455D-B969-6322E7F49947}.Release|Any CPU.Build.0 = Release|Any CPU
	EndGlobalSection
	GlobalSection(SolutionProperties) = preSolution
		HideSolutionNode = FALSE
	EndGlobalSection
	GlobalSection(ExtensibilityGlobals) = postSolution
		SolutionGuid = {3AD18664-724D-44BE-8FF8-B129AE4B54DF}
	EndGlobalSection
EndGlobal
